
Microsoft Visual Studio Solution File, Format Version 12.00
# Visual Studio Version 16
VisualStudioVersion = 16.0.29926.136
MinimumVisualStudioVersion = 15.0.26124.0
Project("{9A19103F-16F7-4668-BE54-9A1E7A4F7556}") = "API", "API\API.csproj", "{3ABD914C-92E7-4507-9054-0E27E479C8EB}"
EndProject
Project("{9A19103F-16F7-4668-BE54-9A1E7A4F7556}") = "Application", "Application\Application.csproj", "{E7BABF79-A7B1-401A-B8E1-93BA2EC198A3}"
EndProject
Project("{9A19103F-16F7-4668-BE54-9A1E7A4F7556}") = "Domain", "Domain\Domain.csproj", "{9EB89D28-5E78-46CF-82A0-1921B590A51E}"
EndProject
Project("{9A19103F-16F7-4668-BE54-9A1E7A4F7556}") = "Persistence", "Persistence\Persistence.csproj", "{127DD5E4-149C-435A-937D-11A4AEF5F80F}"
EndProject
Project("{FAE04EC0-301F-11D3-BF4B-00C04F79EFBC}") = "Infrastructure", "Infrastructure\Infrastructure.csproj", "{F6DB4506-ACF1-4248-89EA-8E8A3D83A9A2}"
EndProject
Global
	GlobalSection(SolutionConfigurationPlatforms) = preSolution
		Debug|Any CPU = Debug|Any CPU
		Debug|x64 = Debug|x64
		Debug|x86 = Debug|x86
		Release|Any CPU = Release|Any CPU
		Release|x64 = Release|x64
		Release|x86 = Release|x86
	EndGlobalSection
	GlobalSection(ProjectConfigurationPlatforms) = postSolution
		{3ABD914C-92E7-4507-9054-0E27E479C8EB}.Debug|Any CPU.ActiveCfg = Debug|Any CPU
		{3ABD914C-92E7-4507-9054-0E27E479C8EB}.Debug|Any CPU.Build.0 = Debug|Any CPU
		{3ABD914C-92E7-4507-9054-0E27E479C8EB}.Debug|x64.ActiveCfg = Debug|Any CPU
		{3ABD914C-92E7-4507-9054-0E27E479C8EB}.Debug|x64.Build.0 = Debug|Any CPU
		{3ABD914C-92E7-4507-9054-0E27E479C8EB}.Debug|x86.ActiveCfg = Debug|Any CPU
		{3ABD914C-92E7-4507-9054-0E27E479C8EB}.Debug|x86.Build.0 = Debug|Any CPU
		{3ABD914C-92E7-4507-9054-0E27E479C8EB}.Release|Any CPU.ActiveCfg = Release|Any CPU
		{3ABD914C-92E7-4507-9054-0E27E479C8EB}.Release|Any CPU.Build.0 = Release|Any CPU
		{3ABD914C-92E7-4507-9054-0E27E479C8EB}.Release|x64.ActiveCfg = Release|Any CPU
		{3ABD914C-92E7-4507-9054-0E27E479C8EB}.Release|x64.Build.0 = Release|Any CPU
		{3ABD914C-92E7-4507-9054-0E27E479C8EB}.Release|x86.ActiveCfg = Release|Any CPU
		{3ABD914C-92E7-4507-9054-0E27E479C8EB}.Release|x86.Build.0 = Release|Any CPU
		{E7BABF79-A7B1-401A-B8E1-93BA2EC198A3}.Debug|Any CPU.ActiveCfg = Debug|Any CPU
		{E7BABF79-A7B1-401A-B8E1-93BA2EC198A3}.Debug|Any CPU.Build.0 = Debug|Any CPU
		{E7BABF79-A7B1-401A-B8E1-93BA2EC198A3}.Debug|x64.ActiveCfg = Debug|Any CPU
		{E7BABF79-A7B1-401A-B8E1-93BA2EC198A3}.Debug|x64.Build.0 = Debug|Any CPU
		{E7BABF79-A7B1-401A-B8E1-93BA2EC198A3}.Debug|x86.ActiveCfg = Debug|Any CPU
		{E7BABF79-A7B1-401A-B8E1-93BA2EC198A3}.Debug|x86.Build.0 = Debug|Any CPU
		{E7BABF79-A7B1-401A-B8E1-93BA2EC198A3}.Release|Any CPU.ActiveCfg = Release|Any CPU
		{E7BABF79-A7B1-401A-B8E1-93BA2EC198A3}.Release|Any CPU.Build.0 = Release|Any CPU
		{E7BABF79-A7B1-401A-B8E1-93BA2EC198A3}.Release|x64.ActiveCfg = Release|Any CPU
		{E7BABF79-A7B1-401A-B8E1-93BA2EC198A3}.Release|x64.Build.0 = Release|Any CPU
		{E7BABF79-A7B1-401A-B8E1-93BA2EC198A3}.Release|x86.ActiveCfg = Release|Any CPU
		{E7BABF79-A7B1-401A-B8E1-93BA2EC198A3}.Release|x86.Build.0 = Release|Any CPU
		{9EB89D28-5E78-46CF-82A0-1921B590A51E}.Debug|Any CPU.ActiveCfg = Debug|Any CPU
		{9EB89D28-5E78-46CF-82A0-1921B590A51E}.Debug|Any CPU.Build.0 = Debug|Any CPU
		{9EB89D28-5E78-46CF-82A0-1921B590A51E}.Debug|x64.ActiveCfg = Debug|Any CPU
		{9EB89D28-5E78-46CF-82A0-1921B590A51E}.Debug|x64.Build.0 = Debug|Any CPU
		{9EB89D28-5E78-46CF-82A0-1921B590A51E}.Debug|x86.ActiveCfg = Debug|Any CPU
		{9EB89D28-5E78-46CF-82A0-1921B590A51E}.Debug|x86.Build.0 = Debug|Any CPU
		{9EB89D28-5E78-46CF-82A0-1921B590A51E}.Release|Any CPU.ActiveCfg = Release|Any CPU
		{9EB89D28-5E78-46CF-82A0-1921B590A51E}.Release|Any CPU.Build.0 = Release|Any CPU
		{9EB89D28-5E78-46CF-82A0-1921B590A51E}.Release|x64.ActiveCfg = Release|Any CPU
		{9EB89D28-5E78-46CF-82A0-1921B590A51E}.Release|x64.Build.0 = Release|Any CPU
		{9EB89D28-5E78-46CF-82A0-1921B590A51E}.Release|x86.ActiveCfg = Release|Any CPU
		{9EB89D28-5E78-46CF-82A0-1921B590A51E}.Release|x86.Build.0 = Release|Any CPU
		{127DD5E4-149C-435A-937D-11A4AEF5F80F}.Debug|Any CPU.ActiveCfg = Debug|Any CPU
		{127DD5E4-149C-435A-937D-11A4AEF5F80F}.Debug|Any CPU.Build.0 = Debug|Any CPU
		{127DD5E4-149C-435A-937D-11A4AEF5F80F}.Debug|x64.ActiveCfg = Debug|Any CPU
		{127DD5E4-149C-435A-937D-11A4AEF5F80F}.Debug|x64.Build.0 = Debug|Any CPU
		{127DD5E4-149C-435A-937D-11A4AEF5F80F}.Debug|x86.ActiveCfg = Debug|Any CPU
		{127DD5E4-149C-435A-937D-11A4AEF5F80F}.Debug|x86.Build.0 = Debug|Any CPU
		{127DD5E4-149C-435A-937D-11A4AEF5F80F}.Release|Any CPU.ActiveCfg = Release|Any CPU
		{127DD5E4-149C-435A-937D-11A4AEF5F80F}.Release|Any CPU.Build.0 = Release|Any CPU
		{127DD5E4-149C-435A-937D-11A4AEF5F80F}.Release|x64.ActiveCfg = Release|Any CPU
		{127DD5E4-149C-435A-937D-11A4AEF5F80F}.Release|x64.Build.0 = Release|Any CPU
		{127DD5E4-149C-435A-937D-11A4AEF5F80F}.Release|x86.ActiveCfg = Release|Any CPU
		{127DD5E4-149C-435A-937D-11A4AEF5F80F}.Release|x86.Build.0 = Release|Any CPU
		{F6DB4506-ACF1-4248-89EA-8E8A3D83A9A2}.Debug|Any CPU.ActiveCfg = Debug|Any CPU
		{F6DB4506-ACF1-4248-89EA-8E8A3D83A9A2}.Debug|Any CPU.Build.0 = Debug|Any CPU
		{F6DB4506-ACF1-4248-89EA-8E8A3D83A9A2}.Debug|x64.ActiveCfg = Debug|Any CPU
		{F6DB4506-ACF1-4248-89EA-8E8A3D83A9A2}.Debug|x64.Build.0 = Debug|Any CPU
		{F6DB4506-ACF1-4248-89EA-8E8A3D83A9A2}.Debug|x86.ActiveCfg = Debug|Any CPU
		{F6DB4506-ACF1-4248-89EA-8E8A3D83A9A2}.Debug|x86.Build.0 = Debug|Any CPU
		{F6DB4506-ACF1-4248-89EA-8E8A3D83A9A2}.Release|Any CPU.ActiveCfg = Release|Any CPU
		{F6DB4506-ACF1-4248-89EA-8E8A3D83A9A2}.Release|Any CPU.Build.0 = Release|Any CPU
		{F6DB4506-ACF1-4248-89EA-8E8A3D83A9A2}.Release|x64.ActiveCfg = Release|Any CPU
		{F6DB4506-ACF1-4248-89EA-8E8A3D83A9A2}.Release|x64.Build.0 = Release|Any CPU
		{F6DB4506-ACF1-4248-89EA-8E8A3D83A9A2}.Release|x86.ActiveCfg = Release|Any CPU
		{F6DB4506-ACF1-4248-89EA-8E8A3D83A9A2}.Release|x86.Build.0 = Release|Any CPU
	EndGlobalSection
	GlobalSection(SolutionProperties) = preSolution
		HideSolutionNode = FALSE
	EndGlobalSection
	GlobalSection(ExtensibilityGlobals) = postSolution
		SolutionGuid = {10EADE86-1852-4B2A-B00F-5F3F43FB9F36}
	EndGlobalSection
EndGlobal
